
Microsoft Visual Studio Solution File, Format Version 12.00
# Visual Studio Version 16
VisualStudioVersion = 16.0.30114.105
MinimumVisualStudioVersion = 10.0.40219.1
Project("{FAE04EC0-301F-11D3-BF4B-00C04F79EFBC}") = "FabrikamAspPrac1", "FabrikamAspPrac1\FabrikamAspPrac1.csproj", "{68C34ACF-FBC4-4EC1-8A27-96684AE09AE8}"
EndProject
Global
	GlobalSection(SolutionConfigurationPlatforms) = preSolution
		Debug|Any CPU = Debug|Any CPU
		Release|Any CPU = Release|Any CPU
	EndGlobalSection
	GlobalSection(ProjectConfigurationPlatforms) = postSolution
		{68C34ACF-FBC4-4EC1-8A27-96684AE09AE8}.Debug|Any CPU.ActiveCfg = Debug|Any CPU
		{68C34ACF-FBC4-4EC1-8A27-96684AE09AE8}.Debug|Any CPU.Build.0 = Debug|Any CPU
		{68C34ACF-FBC4-4EC1-8A27-96684AE09AE8}.Release|Any CPU.ActiveCfg = Release|Any CPU
		{68C34ACF-FBC4-4EC1-8A27-96684AE09AE8}.Release|Any CPU.Build.0 = Release|Any CPU
	EndGlobalSection
	GlobalSection(SolutionProperties) = preSolution
		HideSolutionNode = FALSE
	EndGlobalSection
	GlobalSection(ExtensibilityGlobals) = postSolution
		SolutionGuid = {644D1E2F-7CAE-4F54-B187-E8116AA2C258}
	EndGlobalSection
EndGlobal
